
Microsoft Visual Studio Solution File, Format Version 12.00
# Visual Studio Version 16
VisualStudioVersion = 16.0.29324.140
MinimumVisualStudioVersion = 10.0.40219.1
Project("{8BC9CEB8-8B4A-11D0-8D11-00A0C91BC942}") = "01背包-DP", "01背包-DP\01背包-DP.vcxproj", "{A3BF323B-210F-4056-875C-452DB270B8B9}"
EndProject
Project("{8BC9CEB8-8B4A-11D0-8D11-00A0C91BC942}") = "最长单调递增子序列-DP", "最长单调递增子序列-DP\最长单调递增子序列-DP.vcxproj", "{1613C47F-8B7E-4312-B956-AB84EE76EA7A}"
EndProject
Project("{8BC9CEB8-8B4A-11D0-8D11-00A0C91BC942}") = "钢条切割-DP", "钢条切割-DP\钢条切割-DP.vcxproj", "{D99EF451-8F9F-4733-8346-93CE93CD613B}"
EndProject
Global
	GlobalSection(SolutionConfigurationPlatforms) = preSolution
		Debug|x64 = Debug|x64
		Debug|x86 = Debug|x86
		Release|x64 = Release|x64
		Release|x86 = Release|x86
	EndGlobalSection
	GlobalSection(ProjectConfigurationPlatforms) = postSolution
		{A3BF323B-210F-4056-875C-452DB270B8B9}.Debug|x64.ActiveCfg = Debug|x64
		{A3BF323B-210F-4056-875C-452DB270B8B9}.Debug|x64.Build.0 = Debug|x64
		{A3BF323B-210F-4056-875C-452DB270B8B9}.Debug|x86.ActiveCfg = Debug|Win32
		{A3BF323B-210F-4056-875C-452DB270B8B9}.Debug|x86.Build.0 = Debug|Win32
		{A3BF323B-210F-4056-875C-452DB270B8B9}.Release|x64.ActiveCfg = Release|x64
		{A3BF323B-210F-4056-875C-452DB270B8B9}.Release|x64.Build.0 = Release|x64
		{A3BF323B-210F-4056-875C-452DB270B8B9}.Release|x86.ActiveCfg = Release|Win32
		{A3BF323B-210F-4056-875C-452DB270B8B9}.Release|x86.Build.0 = Release|Win32
		{1613C47F-8B7E-4312-B956-AB84EE76EA7A}.Debug|x64.ActiveCfg = Debug|x64
		{1613C47F-8B7E-4312-B956-AB84EE76EA7A}.Debug|x64.Build.0 = Debug|x64
		{1613C47F-8B7E-4312-B956-AB84EE76EA7A}.Debug|x86.ActiveCfg = Debug|Win32
		{1613C47F-8B7E-4312-B956-AB84EE76EA7A}.Debug|x86.Build.0 = Debug|Win32
		{1613C47F-8B7E-4312-B956-AB84EE76EA7A}.Release|x64.ActiveCfg = Release|x64
		{1613C47F-8B7E-4312-B956-AB84EE76EA7A}.Release|x64.Build.0 = Release|x64
		{1613C47F-8B7E-4312-B956-AB84EE76EA7A}.Release|x86.ActiveCfg = Release|Win32
		{1613C47F-8B7E-4312-B956-AB84EE76EA7A}.Release|x86.Build.0 = Release|Win32
		{D99EF451-8F9F-4733-8346-93CE93CD613B}.Debug|x64.ActiveCfg = Debug|x64
		{D99EF451-8F9F-4733-8346-93CE93CD613B}.Debug|x64.Build.0 = Debug|x64
		{D99EF451-8F9F-4733-8346-93CE93CD613B}.Debug|x86.ActiveCfg = Debug|Win32
		{D99EF451-8F9F-4733-8346-93CE93CD613B}.Debug|x86.Build.0 = Debug|Win32
		{D99EF451-8F9F-4733-8346-93CE93CD613B}.Release|x64.ActiveCfg = Release|x64
		{D99EF451-8F9F-4733-8346-93CE93CD613B}.Release|x64.Build.0 = Release|x64
		{D99EF451-8F9F-4733-8346-93CE93CD613B}.Release|x86.ActiveCfg = Release|Win32
		{D99EF451-8F9F-4733-8346-93CE93CD613B}.Release|x86.Build.0 = Release|Win32
	EndGlobalSection
	GlobalSection(SolutionProperties) = preSolution
		HideSolutionNode = FALSE
	EndGlobalSection
	GlobalSection(ExtensibilityGlobals) = postSolution
		SolutionGuid = {3BAEDC49-F5A3-4FC1-9F79-4B6013C2980F}
	EndGlobalSection
EndGlobal
