
Microsoft Visual Studio Solution File, Format Version 12.00
# Visual Studio Version 16
VisualStudioVersion = 16.0.29324.140
MinimumVisualStudioVersion = 10.0.40219.1
Project("{8BC9CEB8-8B4A-11D0-8D11-00A0C91BC942}") = "01背包-DP", "01背包-DP\01背包-DP.vcxproj", "{A3BF323B-210F-4056-875C-452DB270B8B9}"
EndProject
Project("{8BC9CEB8-8B4A-11D0-8D11-00A0C91BC942}") = "最长单调递增子序列-DP", "最长单调递增子序列-DP\最长单调递增子序列-DP.vcxproj", "{1613C47F-8B7E-4312-B956-AB84EE76EA7A}"
EndProject
Project("{8BC9CEB8-8B4A-11D0-8D11-00A0C91BC942}") = "钢条切割-DP", "钢条切割-DP\钢条切割-DP.vcxproj", "{D99EF451-8F9F-4733-8346-93CE93CD613B}"
EndProject
Project("{8BC9CEB8-8B4A-11D0-8D11-00A0C91BC942}") = "平面最近点对-DC", "平面最近点对-DC\平面最近点对-DC.vcxproj", "{B29E11B8-7A69-4F77-A3DE-AE90E0537A66}"
EndProject
Project("{8BC9CEB8-8B4A-11D0-8D11-00A0C91BC942}") = "最优二叉搜索树-DP", "最优二叉搜索树-DC\最优二叉搜索树-DC.vcxproj", "{6FC003B5-3D41-4A1D-98D5-3AE05E37C232}"
EndProject
Project("{8BC9CEB8-8B4A-11D0-8D11-00A0C91BC942}") = "Nqueens-局部快速搜索", "Nqueens-局部快速搜索\Nqueens-局部快速搜索.vcxproj", "{6E18716D-803A-4FBD-B10B-6FE3C11B090F}"
EndProject
Project("{8BC9CEB8-8B4A-11D0-8D11-00A0C91BC942}") = "Eight_Puzzle-BFS", "Eight_Puzzle-BFS\Eight_Puzzle-BFS.vcxproj", "{2AA1A8B8-6488-432D-82EA-D536A100E387}"
EndProject
Project("{8BC9CEB8-8B4A-11D0-8D11-00A0C91BC942}") = "test", "test\test.vcxproj", "{EC061F45-A22F-4419-832B-C74A0537DDC6}"
EndProject
Project("{2150E333-8FDC-42A3-9474-1A3956D46DE8}") = "Solution Items", "Solution Items", "{CEB0408C-FC79-429F-B5D7-85CF79C44CAC}"
	ProjectSection(SolutionItems) = preProject
		注意事项.md = 注意事项.md
		项目说明.md = 项目说明.md
	EndProjectSection
EndProject
Project("{8BC9CEB8-8B4A-11D0-8D11-00A0C91BC942}") = "木板切割开销_POJ3235-贪心Huffman", "木板切割开销_POJ3235-贪心Huffman\木板切割开销_POJ3235-贪心Huffman.vcxproj", "{B4F79C25-FC54-4AF6-9D3A-C867E3B75AC2}"
EndProject
Project("{8BC9CEB8-8B4A-11D0-8D11-00A0C91BC942}") = "士兵布置_POJ3069-贪心", "士兵布置_POJ3069-贪心\士兵布置_POJ3069-贪心.vcxproj", "{8E4DCB2C-6608-463D-93A4-50F3B30734D8}"
EndProject
Global
	GlobalSection(SolutionConfigurationPlatforms) = preSolution
		Debug|x64 = Debug|x64
		Debug|x86 = Debug|x86
		Release|x64 = Release|x64
		Release|x86 = Release|x86
	EndGlobalSection
	GlobalSection(ProjectConfigurationPlatforms) = postSolution
		{A3BF323B-210F-4056-875C-452DB270B8B9}.Debug|x64.ActiveCfg = Debug|x64
		{A3BF323B-210F-4056-875C-452DB270B8B9}.Debug|x64.Build.0 = Debug|x64
		{A3BF323B-210F-4056-875C-452DB270B8B9}.Debug|x86.ActiveCfg = Debug|Win32
		{A3BF323B-210F-4056-875C-452DB270B8B9}.Debug|x86.Build.0 = Debug|Win32
		{A3BF323B-210F-4056-875C-452DB270B8B9}.Release|x64.ActiveCfg = Release|x64
		{A3BF323B-210F-4056-875C-452DB270B8B9}.Release|x64.Build.0 = Release|x64
		{A3BF323B-210F-4056-875C-452DB270B8B9}.Release|x86.ActiveCfg = Release|Win32
		{A3BF323B-210F-4056-875C-452DB270B8B9}.Release|x86.Build.0 = Release|Win32
		{1613C47F-8B7E-4312-B956-AB84EE76EA7A}.Debug|x64.ActiveCfg = Debug|x64
		{1613C47F-8B7E-4312-B956-AB84EE76EA7A}.Debug|x64.Build.0 = Debug|x64
		{1613C47F-8B7E-4312-B956-AB84EE76EA7A}.Debug|x86.ActiveCfg = Debug|Win32
		{1613C47F-8B7E-4312-B956-AB84EE76EA7A}.Debug|x86.Build.0 = Debug|Win32
		{1613C47F-8B7E-4312-B956-AB84EE76EA7A}.Release|x64.ActiveCfg = Release|x64
		{1613C47F-8B7E-4312-B956-AB84EE76EA7A}.Release|x64.Build.0 = Release|x64
		{1613C47F-8B7E-4312-B956-AB84EE76EA7A}.Release|x86.ActiveCfg = Release|Win32
		{1613C47F-8B7E-4312-B956-AB84EE76EA7A}.Release|x86.Build.0 = Release|Win32
		{D99EF451-8F9F-4733-8346-93CE93CD613B}.Debug|x64.ActiveCfg = Debug|x64
		{D99EF451-8F9F-4733-8346-93CE93CD613B}.Debug|x64.Build.0 = Debug|x64
		{D99EF451-8F9F-4733-8346-93CE93CD613B}.Debug|x86.ActiveCfg = Debug|Win32
		{D99EF451-8F9F-4733-8346-93CE93CD613B}.Debug|x86.Build.0 = Debug|Win32
		{D99EF451-8F9F-4733-8346-93CE93CD613B}.Release|x64.ActiveCfg = Release|x64
		{D99EF451-8F9F-4733-8346-93CE93CD613B}.Release|x64.Build.0 = Release|x64
		{D99EF451-8F9F-4733-8346-93CE93CD613B}.Release|x86.ActiveCfg = Release|Win32
		{D99EF451-8F9F-4733-8346-93CE93CD613B}.Release|x86.Build.0 = Release|Win32
		{B29E11B8-7A69-4F77-A3DE-AE90E0537A66}.Debug|x64.ActiveCfg = Debug|x64
		{B29E11B8-7A69-4F77-A3DE-AE90E0537A66}.Debug|x64.Build.0 = Debug|x64
		{B29E11B8-7A69-4F77-A3DE-AE90E0537A66}.Debug|x86.ActiveCfg = Debug|Win32
		{B29E11B8-7A69-4F77-A3DE-AE90E0537A66}.Debug|x86.Build.0 = Debug|Win32
		{B29E11B8-7A69-4F77-A3DE-AE90E0537A66}.Release|x64.ActiveCfg = Release|x64
		{B29E11B8-7A69-4F77-A3DE-AE90E0537A66}.Release|x64.Build.0 = Release|x64
		{B29E11B8-7A69-4F77-A3DE-AE90E0537A66}.Release|x86.ActiveCfg = Release|Win32
		{B29E11B8-7A69-4F77-A3DE-AE90E0537A66}.Release|x86.Build.0 = Release|Win32
		{6FC003B5-3D41-4A1D-98D5-3AE05E37C232}.Debug|x64.ActiveCfg = Debug|x64
		{6FC003B5-3D41-4A1D-98D5-3AE05E37C232}.Debug|x64.Build.0 = Debug|x64
		{6FC003B5-3D41-4A1D-98D5-3AE05E37C232}.Debug|x86.ActiveCfg = Debug|Win32
		{6FC003B5-3D41-4A1D-98D5-3AE05E37C232}.Debug|x86.Build.0 = Debug|Win32
		{6FC003B5-3D41-4A1D-98D5-3AE05E37C232}.Release|x64.ActiveCfg = Release|x64
		{6FC003B5-3D41-4A1D-98D5-3AE05E37C232}.Release|x64.Build.0 = Release|x64
		{6FC003B5-3D41-4A1D-98D5-3AE05E37C232}.Release|x86.ActiveCfg = Release|Win32
		{6FC003B5-3D41-4A1D-98D5-3AE05E37C232}.Release|x86.Build.0 = Release|Win32
		{6E18716D-803A-4FBD-B10B-6FE3C11B090F}.Debug|x64.ActiveCfg = Debug|x64
		{6E18716D-803A-4FBD-B10B-6FE3C11B090F}.Debug|x64.Build.0 = Debug|x64
		{6E18716D-803A-4FBD-B10B-6FE3C11B090F}.Debug|x86.ActiveCfg = Debug|Win32
		{6E18716D-803A-4FBD-B10B-6FE3C11B090F}.Debug|x86.Build.0 = Debug|Win32
		{6E18716D-803A-4FBD-B10B-6FE3C11B090F}.Release|x64.ActiveCfg = Release|x64
		{6E18716D-803A-4FBD-B10B-6FE3C11B090F}.Release|x64.Build.0 = Release|x64
		{6E18716D-803A-4FBD-B10B-6FE3C11B090F}.Release|x86.ActiveCfg = Release|Win32
		{6E18716D-803A-4FBD-B10B-6FE3C11B090F}.Release|x86.Build.0 = Release|Win32
		{2AA1A8B8-6488-432D-82EA-D536A100E387}.Debug|x64.ActiveCfg = Debug|x64
		{2AA1A8B8-6488-432D-82EA-D536A100E387}.Debug|x64.Build.0 = Debug|x64
		{2AA1A8B8-6488-432D-82EA-D536A100E387}.Debug|x86.ActiveCfg = Debug|Win32
		{2AA1A8B8-6488-432D-82EA-D536A100E387}.Debug|x86.Build.0 = Debug|Win32
		{2AA1A8B8-6488-432D-82EA-D536A100E387}.Release|x64.ActiveCfg = Release|x64
		{2AA1A8B8-6488-432D-82EA-D536A100E387}.Release|x64.Build.0 = Release|x64
		{2AA1A8B8-6488-432D-82EA-D536A100E387}.Release|x86.ActiveCfg = Release|Win32
		{2AA1A8B8-6488-432D-82EA-D536A100E387}.Release|x86.Build.0 = Release|Win32
		{EC061F45-A22F-4419-832B-C74A0537DDC6}.Debug|x64.ActiveCfg = Debug|x64
		{EC061F45-A22F-4419-832B-C74A0537DDC6}.Debug|x64.Build.0 = Debug|x64
		{EC061F45-A22F-4419-832B-C74A0537DDC6}.Debug|x86.ActiveCfg = Debug|Win32
		{EC061F45-A22F-4419-832B-C74A0537DDC6}.Debug|x86.Build.0 = Debug|Win32
		{EC061F45-A22F-4419-832B-C74A0537DDC6}.Release|x64.ActiveCfg = Release|x64
		{EC061F45-A22F-4419-832B-C74A0537DDC6}.Release|x64.Build.0 = Release|x64
		{EC061F45-A22F-4419-832B-C74A0537DDC6}.Release|x86.ActiveCfg = Release|Win32
		{EC061F45-A22F-4419-832B-C74A0537DDC6}.Release|x86.Build.0 = Release|Win32
		{B4F79C25-FC54-4AF6-9D3A-C867E3B75AC2}.Debug|x64.ActiveCfg = Debug|x64
		{B4F79C25-FC54-4AF6-9D3A-C867E3B75AC2}.Debug|x64.Build.0 = Debug|x64
		{B4F79C25-FC54-4AF6-9D3A-C867E3B75AC2}.Debug|x86.ActiveCfg = Debug|Win32
		{B4F79C25-FC54-4AF6-9D3A-C867E3B75AC2}.Debug|x86.Build.0 = Debug|Win32
		{B4F79C25-FC54-4AF6-9D3A-C867E3B75AC2}.Release|x64.ActiveCfg = Release|x64
		{B4F79C25-FC54-4AF6-9D3A-C867E3B75AC2}.Release|x64.Build.0 = Release|x64
		{B4F79C25-FC54-4AF6-9D3A-C867E3B75AC2}.Release|x86.ActiveCfg = Release|Win32
		{B4F79C25-FC54-4AF6-9D3A-C867E3B75AC2}.Release|x86.Build.0 = Release|Win32
		{8E4DCB2C-6608-463D-93A4-50F3B30734D8}.Debug|x64.ActiveCfg = Debug|x64
		{8E4DCB2C-6608-463D-93A4-50F3B30734D8}.Debug|x64.Build.0 = Debug|x64
		{8E4DCB2C-6608-463D-93A4-50F3B30734D8}.Debug|x86.ActiveCfg = Debug|Win32
		{8E4DCB2C-6608-463D-93A4-50F3B30734D8}.Debug|x86.Build.0 = Debug|Win32
		{8E4DCB2C-6608-463D-93A4-50F3B30734D8}.Release|x64.ActiveCfg = Release|x64
		{8E4DCB2C-6608-463D-93A4-50F3B30734D8}.Release|x64.Build.0 = Release|x64
		{8E4DCB2C-6608-463D-93A4-50F3B30734D8}.Release|x86.ActiveCfg = Release|Win32
		{8E4DCB2C-6608-463D-93A4-50F3B30734D8}.Release|x86.Build.0 = Release|Win32
	EndGlobalSection
	GlobalSection(SolutionProperties) = preSolution
		HideSolutionNode = FALSE
	EndGlobalSection
	GlobalSection(ExtensibilityGlobals) = postSolution
		SolutionGuid = {3BAEDC49-F5A3-4FC1-9F79-4B6013C2980F}
	EndGlobalSection
EndGlobal
